lockfileVersion: '9.0'

settings:
  autoInstallPeers: true
  excludeLinksFromLockfile: false

importers:

  .:
    devDependencies:
      '@types/node':
        specifier: ^25.5.2
        version: 25.5.2
      typescript:
        specifier: ^5.7.0
        version: 5.9.3
      whitesmith:
        specifier: ^0.0.6
        version: 0.0.6(@types/node@25.5.2)

packages:

  '@inquirer/ansi@2.0.4':
    resolution: {integrity: sha512-DpcZrQObd7S0R/U3bFdkcT5ebRwbTTC4D3tCc1vsJizmgPLxNJBo+AAFmrZwe8zk30P2QzgzGWZ3Q9uJwWuhIg==}
    engines: {node: '>=23.5.0 || ^22.13.0 || ^21.7.0 || ^20.12.0'}

  '@inquirer/checkbox@5.1.2':
    resolution: {integrity: sha512-PubpMPO2nJgMufkoB3P2wwxNXEMUXnBIKi/ACzDUYfaoPuM7gSTmuxJeMscoLVEsR4qqrCMf5p0SiYGWnVJ8kw==}
    engines: {node: '>=23.5.0 || ^22.13.0 || ^21.7.0 || ^20.12.0'}
    peerDependencies:
      '@types/node': '>=18'
    peerDependenciesMeta:
      '@types/node':
        optional: true

  '@inquirer/confirm@6.0.10':
    resolution: {integrity: sha512-tiNyA73pgpQ0FQ7axqtoLUe4GDYjNCDcVsbgcA5anvwg2z6i+suEngLKKJrWKJolT//GFPZHwN30binDIHgSgQ==}
    engines: {node: '>=23.5.0 || ^22.13.0 || ^21.7.0 || ^20.12.0'}
    peerDependencies:
      '@types/node': '>=18'
    peerDependenciesMeta:
      '@types/node':
        optional: true

  '@inquirer/core@11.1.7':
    resolution: {integrity: sha512-1BiBNDk9btIwYIzNZpkikIHXWeNzNncJePPqwDyVMhXhD1ebqbpn1mKGctpoqAbzywZfdG0O4tvmsGIcOevAPQ==}
    engines: {node: '>=23.5.0 || ^22.13.0 || ^21.7.0 || ^20.12.0'}
    peerDependencies:
      '@types/node': '>=18'
    peerDependenciesMeta:
      '@types/node':
        optional: true

  '@inquirer/editor@5.0.10':
    resolution: {integrity: sha512-VJx4XyaKea7t8hEApTw5dxeIyMtWXre2OiyJcICCRZI4hkoHsMoCnl/KbUnJJExLbH9csLLHMVR144ZhFE1CwA==}
    engines: {node: '>=23.5.0 || ^22.13.0 || ^21.7.0 || ^20.12.0'}
    peerDependencies:
      '@types/node': '>=18'
    peerDependenciesMeta:
      '@types/node':
        optional: true

  '@inquirer/expand@5.0.10':
    resolution: {integrity: sha512-fC0UHJPXsTRvY2fObiwuQYaAnHrp3aDqfwKUJSdfpgv18QUG054ezGbaRNStk/BKD5IPijeMKWej8VV8O5Q/eQ==}
    engines: {node: '>=23.5.0 || ^22.13.0 || ^21.7.0 || ^20.12.0'}
    peerDependencies:
      '@types/node': '>=18'
    peerDependenciesMeta:
      '@types/node':
        optional: true

  '@inquirer/external-editor@2.0.4':
    resolution: {integrity: sha512-Prenuv9C1PHj2Itx0BcAOVBTonz02Hc2Nd2DbU67PdGUaqn0nPCnV34oDyyoaZHnmfRxkpuhh/u51ThkrO+RdA==}
    engines: {node: '>=23.5.0 || ^22.13.0 || ^21.7.0 || ^20.12.0'}
    peerDependencies:
      '@types/node': '>=18'
    peerDependenciesMeta:
      '@types/node':
        optional: true

  '@inquirer/figures@2.0.4':
    resolution: {integrity: sha512-eLBsjlS7rPS3WEhmOmh1znQ5IsQrxWzxWDxO51e4urv+iVrSnIHbq4zqJIOiyNdYLa+BVjwOtdetcQx1lWPpiQ==}
    engines: {node: '>=23.5.0 || ^22.13.0 || ^21.7.0 || ^20.12.0'}

  '@inquirer/input@5.0.10':
    resolution: {integrity: sha512-nvZ6qEVeX/zVtZ1dY2hTGDQpVGD3R7MYPLODPgKO8Y+RAqxkrP3i/3NwF3fZpLdaMiNuK0z2NaYIx9tPwiSegQ==}
    engines: {node: '>=23.5.0 || ^22.13.0 || ^21.7.0 || ^20.12.0'}
    peerDependencies:
      '@types/node': '>=18'
    peerDependenciesMeta:
      '@types/node':
        optional: true

  '@inquirer/number@4.0.10':
    resolution: {integrity: sha512-Ht8OQstxiS3APMGjHV0aYAjRAysidWdwurWEo2i8yI5xbhOBWqizT0+MU1S2GCcuhIBg+3SgWVjEoXgfhY+XaA==}
    engines: {node: '>=23.5.0 || ^22.13.0 || ^21.7.0 || ^20.12.0'}
    peerDependencies:
      '@types/node': '>=18'
    peerDependenciesMeta:
      '@types/node':
        optional: true

  '@inquirer/password@5.0.10':
    resolution: {integrity: sha512-QbNyvIE8q2GTqKLYSsA8ATG+eETo+m31DSR0+AU7x3d2FhaTWzqQek80dj3JGTo743kQc6mhBR0erMjYw5jQ0A==}
    engines: {node: '>=23.5.0 || ^22.13.0 || ^21.7.0 || ^20.12.0'}
    peerDependencies:
      '@types/node': '>=18'
    peerDependenciesMeta:
      '@types/node':
        optional: true

  '@inquirer/prompts@8.3.2':
    resolution: {integrity: sha512-yFroiSj2iiBFlm59amdTvAcQFvWS6ph5oKESls/uqPBect7rTU2GbjyZO2DqxMGuIwVA8z0P4K6ViPcd/cp+0w==}
    engines: {node: '>=23.5.0 || ^22.13.0 || ^21.7.0 || ^20.12.0'}
    peerDependencies:
      '@types/node': '>=18'
    peerDependenciesMeta:
      '@types/node':
        optional: true

  '@inquirer/rawlist@5.2.6':
    resolution: {integrity: sha512-jfw0MLJ5TilNsa9zlJ6nmRM0ZFVZhhTICt4/6CU2Dv1ndY7l3sqqo1gIYZyMMDw0LvE1u1nzJNisfHEhJIxq5w==}
    engines: {node: '>=23.5.0 || ^22.13.0 || ^21.7.0 || ^20.12.0'}
    peerDependencies:
      '@types/node': '>=18'
    peerDependenciesMeta:
      '@types/node':
        optional: true

  '@inquirer/search@4.1.6':
    resolution: {integrity: sha512-3/6kTRae98hhDevENScy7cdFEuURnSpM3JbBNg8yfXLw88HgTOl+neUuy/l9W0No5NzGsLVydhBzTIxZP7yChQ==}
    engines: {node: '>=23.5.0 || ^22.13.0 || ^21.7.0 || ^20.12.0'}
    peerDependencies:
      '@types/node': '>=18'
    peerDependenciesMeta:
      '@types/node':
        optional: true

  '@inquirer/select@5.1.2':
    resolution: {integrity: sha512-kTK8YIkHV+f02y7bWCh7E0u2/11lul5WepVTclr3UMBtBr05PgcZNWfMa7FY57ihpQFQH/spLMHTcr0rXy50tA==}
    engines: {node: '>=23.5.0 || ^22.13.0 || ^21.7.0 || ^20.12.0'}
    peerDependencies:
      '@types/node': '>=18'
    peerDependenciesMeta:
      '@types/node':
        optional: true

  '@inquirer/type@4.0.4':
    resolution: {integrity: sha512-PamArxO3cFJZoOzspzo6cxVlLeIftyBsZw/S9bKY5DzxqJVZgjoj1oP8d0rskKtp7sZxBycsoer1g6UeJV1BBA==}
    engines: {node: '>=23.5.0 || ^22.13.0 || ^21.7.0 || ^20.12.0'}
    peerDependencies:
      '@types/node': '>=18'
    peerDependenciesMeta:
      '@types/node':
        optional: true

  '@kwsites/file-exists@1.1.1':
    resolution: {integrity: sha512-m9/5YGR18lIwxSFDwfE3oA7bWuq9kdau6ugN4H2rJeyhFQZcG9AgSHkQtSD15a8WvTgfz9aikZMrKPHvbpqFiw==}

  '@kwsites/promise-deferred@1.1.1':
    resolution: {integrity: sha512-GaHYm+c0O9MjZRu0ongGBRbinu8gVAMd2UZjji6jVmqKtZluZnptXGWhz1E8j8D2HJ3f/yMxKAUC0b+57wncIw==}

  '@types/node@25.5.2':
    resolution: {integrity: sha512-tO4ZIRKNC+MDWV4qKVZe3Ql/woTnmHDr5JD8UI5hn2pwBrHEwOEMZK7WlNb5RKB6EoJ02gwmQS9OrjuFnZYdpg==}

  chardet@2.1.1:
    resolution: {integrity: sha512-PsezH1rqdV9VvyNhxxOW32/d75r01NY7TQCmOqomRo15ZSOKbpTFVsfjghxo6JloQUCGnH4k1LGu0R4yCLlWQQ==}

  cli-width@4.1.0:
    resolution: {integrity: sha512-ouuZd4/dm2Sw5Gmqy6bGyNNNe1qt9RpmxveLSO7KcgsTnU7RXfsw+/bukWGo1abgBiMAic068rclZsO4IWmmxQ==}
    engines: {node: '>= 12'}

  commander@14.0.3:
    resolution: {integrity: sha512-H+y0Jo/T1RZ9qPP4Eh1pkcQcLRglraJaSLoyOtHxu6AapkjWVCy2Sit1QQ4x3Dng8qDlSsZEet7g5Pq06MvTgw==}
    engines: {node: '>=20'}

  debug@4.4.3:
    resolution: {integrity: sha512-RGwwWnwQvkVfavKVt22FGLw+xYSdzARwm0ru6DhTVA3umU5hZc28V3kO4stgYryrTlLpuvgI9GiijltAjNbcqA==}
    engines: {node: '>=6.0'}
    peerDependencies:
      supports-color: '*'
    peerDependenciesMeta:
      supports-color:
        optional: true

  fast-string-truncated-width@3.0.3:
    resolution: {integrity: sha512-0jjjIEL6+0jag3l2XWWizO64/aZVtpiGE3t0Zgqxv0DPuxiMjvB3M24fCyhZUO4KomJQPj3LTSUnDP3GpdwC0g==}

  fast-string-width@3.0.2:
    resolution: {integrity: sha512-gX8LrtNEI5hq8DVUfRQMbr5lpaS4nMIWV+7XEbXk2b8kiQIizgnlr12B4dA3ZEx3308ze0O4Q1R+cHts8kyUJg==}

  fast-wrap-ansi@0.2.0:
    resolution: {integrity: sha512-rLV8JHxTyhVmFYhBJuMujcrHqOT2cnO5Zxj37qROj23CP39GXubJRBUFF0z8KFK77Uc0SukZUf7JZhsVEQ6n8w==}

  iconv-lite@0.7.2:
    resolution: {integrity: sha512-im9DjEDQ55s9fL4EYzOAv0yMqmMBSZp6G0VvFyTMPKWxiSBHUj9NW/qqLmXUwXrrM7AvqSlTCfvqRb0cM8yYqw==}
    engines: {node: '>=0.10.0'}

  ms@2.1.3:
    resolution: {integrity: sha512-6FlzubTLZG3J2a/NVCAleEhjzq5oxgHyaCU9yYXvcLsvoVaHJq/s5xXI6/XXP6tz7R9xAOtHnSO/tXtF3WRTlA==}

  mute-stream@3.0.0:
    resolution: {integrity: sha512-dkEJPVvun4FryqBmZ5KhDo0K9iDXAwn08tMLDinNdRBNPcYEDiWYysLcc6k3mjTMlbP9KyylvRpd4wFtwrT9rw==}
    engines: {node: ^20.17.0 || >=22.9.0}

  safer-buffer@2.1.2:
    resolution: {integrity: sha512-YZo3K82SD7Riyi0E1EQPojLz7kpepnSQI9IyPbHHg1XXXevb5dJI7tpyN2ADxGcQbHG7vcyRHk0cbwqcQriUtg==}

  signal-exit@4.1.0:
    resolution: {integrity: sha512-bzyZ1e88w9O1iNJbKnOlvYTrWPDl46O1bG0D3XInv+9tkPrxrN8jUUTiFlDkkmKWgn1M6CfIA13SuGqOa9Korw==}
    engines: {node: '>=14'}

  simple-git@3.33.0:
    resolution: {integrity: sha512-D4V/tGC2sjsoNhoMybKyGoE+v8A60hRawKQ1iFRA1zwuDgGZCBJ4ByOzZ5J8joBbi4Oam0qiPH+GhzmSBwbJng==}

  typescript@5.9.3:
    resolution: {integrity: sha512-jl1vZzPDinLr9eUt3J/t7V6FgNEw9QjvBPdysz9KfQDD41fQrC2Y4vKQdiaUpFT4bXlb1RHhLpp8wtm6M5TgSw==}
    engines: {node: '>=14.17'}
    hasBin: true

  undici-types@7.18.2:
    resolution: {integrity: sha512-AsuCzffGHJybSaRrmr5eHr81mwJU3kjw6M+uprWvCXiNeN9SOGwQ3Jn8jb8m3Z6izVgknn1R0FTCEAP2QrLY/w==}

  whitesmith@0.0.6:
    resolution: {integrity: sha512-QIyzEJn0MZepK1QwRFFmfG/9O/yxdtdT5KpTbMaf6z67IaWMIXw3zOqXDSTENKwDxzvuHylkCjvQhEemR0vkaw==}
    hasBin: true

  yaml@2.8.3:
    resolution: {integrity: sha512-AvbaCLOO2Otw/lW5bmh9d/WEdcDFdQp2Z2ZUH3pX9U2ihyUY0nvLv7J6TrWowklRGPYbB/IuIMfYgxaCPg5Bpg==}
    engines: {node: '>= 14.6'}
    hasBin: true

snapshots:

  '@inquirer/ansi@2.0.4': {}

  '@inquirer/checkbox@5.1.2(@types/node@25.5.2)':
    dependencies:
      '@inquirer/ansi': 2.0.4
      '@inquirer/core': 11.1.7(@types/node@25.5.2)
      '@inquirer/figures': 2.0.4
      '@inquirer/type': 4.0.4(@types/node@25.5.2)
    optionalDependencies:
      '@types/node': 25.5.2

  '@inquirer/confirm@6.0.10(@types/node@25.5.2)':
    dependencies:
      '@inquirer/core': 11.1.7(@types/node@25.5.2)
      '@inquirer/type': 4.0.4(@types/node@25.5.2)
    optionalDependencies:
      '@types/node': 25.5.2

  '@inquirer/core@11.1.7(@types/node@25.5.2)':
    dependencies:
      '@inquirer/ansi': 2.0.4
      '@inquirer/figures': 2.0.4
      '@inquirer/type': 4.0.4(@types/node@25.5.2)
      cli-width: 4.1.0
      fast-wrap-ansi: 0.2.0
      mute-stream: 3.0.0
      signal-exit: 4.1.0
    optionalDependencies:
      '@types/node': 25.5.2

  '@inquirer/editor@5.0.10(@types/node@25.5.2)':
    dependencies:
      '@inquirer/core': 11.1.7(@types/node@25.5.2)
      '@inquirer/external-editor': 2.0.4(@types/node@25.5.2)
      '@inquirer/type': 4.0.4(@types/node@25.5.2)
    optionalDependencies:
      '@types/node': 25.5.2

  '@inquirer/expand@5.0.10(@types/node@25.5.2)':
    dependencies:
      '@inquirer/core': 11.1.7(@types/node@25.5.2)
      '@inquirer/type': 4.0.4(@types/node@25.5.2)
    optionalDependencies:
      '@types/node': 25.5.2

  '@inquirer/external-editor@2.0.4(@types/node@25.5.2)':
    dependencies:
      chardet: 2.1.1
      iconv-lite: 0.7.2
    optionalDependencies:
      '@types/node': 25.5.2

  '@inquirer/figures@2.0.4': {}

  '@inquirer/input@5.0.10(@types/node@25.5.2)':
    dependencies:
      '@inquirer/core': 11.1.7(@types/node@25.5.2)
      '@inquirer/type': 4.0.4(@types/node@25.5.2)
    optionalDependencies:
      '@types/node': 25.5.2

  '@inquirer/number@4.0.10(@types/node@25.5.2)':
    dependencies:
      '@inquirer/core': 11.1.7(@types/node@25.5.2)
      '@inquirer/type': 4.0.4(@types/node@25.5.2)
    optionalDependencies:
      '@types/node': 25.5.2

  '@inquirer/password@5.0.10(@types/node@25.5.2)':
    dependencies:
      '@inquirer/ansi': 2.0.4
      '@inquirer/core': 11.1.7(@types/node@25.5.2)
      '@inquirer/type': 4.0.4(@types/node@25.5.2)
    optionalDependencies:
      '@types/node': 25.5.2

  '@inquirer/prompts@8.3.2(@types/node@25.5.2)':
    dependencies:
      '@inquirer/checkbox': 5.1.2(@types/node@25.5.2)
      '@inquirer/confirm': 6.0.10(@types/node@25.5.2)
      '@inquirer/editor': 5.0.10(@types/node@25.5.2)
      '@inquirer/expand': 5.0.10(@types/node@25.5.2)
      '@inquirer/input': 5.0.10(@types/node@25.5.2)
      '@inquirer/number': 4.0.10(@types/node@25.5.2)
      '@inquirer/password': 5.0.10(@types/node@25.5.2)
      '@inquirer/rawlist': 5.2.6(@types/node@25.5.2)
      '@inquirer/search': 4.1.6(@types/node@25.5.2)
      '@inquirer/select': 5.1.2(@types/node@25.5.2)
    optionalDependencies:
      '@types/node': 25.5.2

  '@inquirer/rawlist@5.2.6(@types/node@25.5.2)':
    dependencies:
      '@inquirer/core': 11.1.7(@types/node@25.5.2)
      '@inquirer/type': 4.0.4(@types/node@25.5.2)
    optionalDependencies:
      '@types/node': 25.5.2

  '@inquirer/search@4.1.6(@types/node@25.5.2)':
    dependencies:
      '@inquirer/core': 11.1.7(@types/node@25.5.2)
      '@inquirer/figures': 2.0.4
      '@inquirer/type': 4.0.4(@types/node@25.5.2)
    optionalDependencies:
      '@types/node': 25.5.2

  '@inquirer/select@5.1.2(@types/node@25.5.2)':
    dependencies:
      '@inquirer/ansi': 2.0.4
      '@inquirer/core': 11.1.7(@types/node@25.5.2)
      '@inquirer/figures': 2.0.4
      '@inquirer/type': 4.0.4(@types/node@25.5.2)
    optionalDependencies:
      '@types/node': 25.5.2

  '@inquirer/type@4.0.4(@types/node@25.5.2)':
    optionalDependencies:
      '@types/node': 25.5.2

  '@kwsites/file-exists@1.1.1':
    dependencies:
      debug: 4.4.3
    transitivePeerDependencies:
      - supports-color

  '@kwsites/promise-deferred@1.1.1': {}

  '@types/node@25.5.2':
    dependencies:
      undici-types: 7.18.2

  chardet@2.1.1: {}

  cli-width@4.1.0: {}

  commander@14.0.3: {}

  debug@4.4.3:
    dependencies:
      ms: 2.1.3

  fast-string-truncated-width@3.0.3: {}

  fast-string-width@3.0.2:
    dependencies:
      fast-string-truncated-width: 3.0.3

  fast-wrap-ansi@0.2.0:
    dependencies:
      fast-string-width: 3.0.2

  iconv-lite@0.7.2:
    dependencies:
      safer-buffer: 2.1.2

  ms@2.1.3: {}

  mute-stream@3.0.0: {}

  safer-buffer@2.1.2: {}

  signal-exit@4.1.0: {}

  simple-git@3.33.0:
    dependencies:
      '@kwsites/file-exists': 1.1.1
      '@kwsites/promise-deferred': 1.1.1
      debug: 4.4.3
    transitivePeerDependencies:
      - supports-color

  typescript@5.9.3: {}

  undici-types@7.18.2: {}

  whitesmith@0.0.6(@types/node@25.5.2):
    dependencies:
      '@inquirer/prompts': 8.3.2(@types/node@25.5.2)
      commander: 14.0.3
      simple-git: 3.33.0
      yaml: 2.8.3
    transitivePeerDependencies:
      - '@types/node'
      - supports-color

  yaml@2.8.3: {}
